
Microsoft Visual Studio Solution File, Format Version 12.00
# Visual Studio Version 17
VisualStudioVersion = 17.11.35303.130
MinimumVisualStudioVersion = 10.0.40219.1
Project("{FAE04EC0-301F-11D3-BF4B-00C04F79EFBC}") = "ProgramacionGUIAej4", "ProgramacionGUIAej4\ProgramacionGUIAej4.csproj", "{D9958E42-AD91-4C99-B3B2-CC33AA73ADAC}"
EndProject
Global
	GlobalSection(SolutionConfigurationPlatforms) = preSolution
		Debug|Any CPU = Debug|Any CPU
		Release|Any CPU = Release|Any CPU
	EndGlobalSection
	GlobalSection(ProjectConfigurationPlatforms) = postSolution
		{D9958E42-AD91-4C99-B3B2-CC33AA73ADAC}.Debug|Any CPU.ActiveCfg = Debug|Any CPU
		{D9958E42-AD91-4C99-B3B2-CC33AA73ADAC}.Debug|Any CPU.Build.0 = Debug|Any CPU
		{D9958E42-AD91-4C99-B3B2-CC33AA73ADAC}.Release|Any CPU.ActiveCfg = Release|Any CPU
		{D9958E42-AD91-4C99-B3B2-CC33AA73ADAC}.Release|Any CPU.Build.0 = Release|Any CPU
	EndGlobalSection
	GlobalSection(SolutionProperties) = preSolution
		HideSolutionNode = FALSE
	EndGlobalSection
	GlobalSection(ExtensibilityGlobals) = postSolution
		SolutionGuid = {34B8A1BB-995D-4940-BF18-A1D01F18CA69}
	EndGlobalSection
EndGlobal
